// !$*UTF8*$!
{
	archiveVersion = 1;
	classes = {
	};
	objectVersion = 46;
	objects = {

/* Begin PBXBuildFile section */
		60C894271C1A0775002F81C9 /* AppDelegate.swift in Sources */ = {isa = PBXBuildFile; fileRef = 60C894261C1A0775002F81C9 /* AppDelegate.swift */; };
		60C894291C1A0775002F81C9 /* ViewController.swift in Sources */ = {isa = PBXBuildFile; fileRef = 60C894281C1A0775002F81C9 /* ViewController.swift */; };
		60C8942C1C1A0775002F81C9 /* Main.storyboard in Resources */ = {isa = PBXBuildFile; fileRef = 60C8942A1C1A0775002F81C9 /* Main.storyboard */; };
		60C8942E1C1A0775002F81C9 /* Assets.xcassets in Resources */ = {isa = PBXBuildFile; fileRef = 60C8942D1C1A0775002F81C9 /* Assets.xcassets */; };
		60C894311C1A0775002F81C9 /* LaunchScreen.storyboard in Resources */ = {isa = PBXBuildFile; fileRef = 60C8942F1C1A0775002F81C9 /* LaunchScreen.storyboard */; };
/* End PBXBuildFile section */

/* Begin PBXFileReference section */
		60C894231C1A0775002F81C9 /* GitFinal.app */ = {isa = PBXFileReference; explicitFileType = wrapper.application; includeInIndex = 0; path = GitFinal.app; sourceTree = BUILT_PRODUCTS_DIR; };
		60C894261C1A0775002F81C9 /* AppDelegate.swift */ = {isa = PBXFileReference; lastKnownFileType = sourcecode.swift; path = AppDelegate.swift; sourceTree = "<group>"; };
		60C894281C1A0775002F81C9 /* ViewController.swift */ = {isa = PBXFileReference; lastKnownFileType = sourcecode.swift; path = ViewController.swift; sourceTree = "<group>"; };
		60C8942B1C1A0775002F81C9 /* Base */ = {isa = PBXFileReference; lastKnownFileType = file.storyboard; name = Base; path = Base.lproj/Main.storyboard; sourceTree = "<group>"; };
		60C8942D1C1A0775002F81C9 /* Assets.xcassets */ = {isa = PBXFileReference; lastKnownFileType = folder.assetcatalog; path = Assets.xcassets; sourceTree = "<group>"; };
		60C894301C1A0775002F81C9 /* Base */ = {isa = PBXFileReference; lastKnownFileType = file.storyboard; name = Base; path = Base.lproj/LaunchScreen.storyboard; sourceTree = "<group>"; };
		60C894321C1A0775002F81C9 /* Info.plist */ = {isa = PBXFileReference; lastKnownFileType = text.plist.xml; path = Info.plist; sourceTree = "<group>"; };
/* End PBXFileReference section */

/* Begin PBXFrameworksBuildPhase section */
		60C894201C1A0775002F81C9 /* Frameworks */ = {
			isa = PBXFrameworksBuildPhase;
			buildActionMask = 2147483647;
			files = (
			);
			runOnlyForDeploymentPostprocessing = 0;
		};
/* End PBXFrameworksBuildPhase section */

/* Begin PBXGroup section */
		60C8941A1C1A0775002F81C9 = {
			isa = PBXGroup;
			children = (
				60C894251C1A0775002F81C9 /* GitFinal */,
				60C894241C1A0775002F81C9 /* Products */,
			);
			sourceTree = "<group>";
		};
		60C894241C1A0775002F81C9 /* Products */ = {
			isa = PBXGroup;
			children = (
				60C894231C1A0775002F81C9 /* GitFinal.app */,
			);
			name = Products;
			sourceTree = "<group>";
		};
		60C894251C1A0775002F81C9 /* GitFinal */ = {
			isa = PBXGroup;
			children = (
				60C894261C1A0775002F81C9 /* AppDelegate.swift */,
				60C894281C1A0775002F81C9 /* ViewController.swift */,
				60C8942A1C1A0775002F81C9 /* Main.storyboard */,
				60C8942D1C1A0775002F81C9 /* Assets.xcassets */,
				60C8942F1C1A0775002F81C9 /* LaunchScreen.storyboard */,
				60C894321C1A0775002F81C9 /* Info.plist */,
			);
			path = GitFinal;
			sourceTree = "<group>";
		};
/* End PBXGroup section */

/* Begin PBXNativeTarget section */
		60C894221C1A0775002F81C9 /* GitFinal */ = {
			isa = PBXNativeTarget;
			buildConfigurationList = 60C894351C1A0775002F81C9 /* Build configuration list for PBXNativeTarget "GitFinal" */;
			buildPhases = (
				60C8941F1C1A0775002F81C9 /* Sources */,
				60C894201C1A0775002F81C9 /* Frameworks */,
				60C894211C1A0775002F81C9 /* Resources */,
			);
			buildRules = (
			);
			dependencies = (
			);
			name = GitFinal;
			productName = GitFinal;
			productReference = 60C894231C1A0775002F81C9 /* GitFinal.app */;
			productType = "com.apple.product-type.application";
		};
/* End PBXNativeTarget section */

/* Begin PBXProject section */
		60C8941B1C1A0775002F81C9 /* Project object */ = {
			isa = PBXProject;
			attributes = {
				LastSwiftUpdateCheck = 0710;
				LastUpgradeCheck = 0710;
				ORGANIZATIONNAME = "James Kang";
				TargetAttributes = {
					60C894221C1A0775002F81C9 = {
						CreatedOnToolsVersion = 7.1.1;
					};
				};
			};
			buildConfigurationList = 60C8941E1C1A0775002F81C9 /* Build configuration list for PBXProject "GitFinal" */;
			compatibilityVersion = "Xcode 3.2";
			developmentRegion = English;
			hasScannedForEncodings = 0;
			knownRegions = (
				en,
				Base,
			);
			mainGroup = 60C8941A1C1A0775002F81C9;
			productRefGroup = 60C894241C1A0775002F81C9 /* Products */;
			projectDirPath = "";
			projectRoot = "";
			targets = (
				60C894221C1A0775002F81C9 /* GitFinal */,
			);
		};
/* End PBXProject section */

/* Begin PBXResourcesBuildPhase section */
		60C894211C1A0775002F81C9 /* Resources */ = {
			isa = PBXResourcesBuildPhase;
			buildActionMask = 2147483647;
			files = (
				60C894311C1A0775002F81C9 /* LaunchScreen.storyboard in Resources */,
				60C8942E1C1A0775002F81C9 /* Assets.xcassets in Resources */,
				60C8942C1C1A0775002F81C9 /* Main.storyboard in Resources */,
			);
			runOnlyForDeploymentPostprocessing = 0;
		};
/* End PBXResourcesBuildPhase section */

/* Begin PBXSourcesBuildPhase section */
		60C8941F1C1A0775002F81C9 /* Sources */ = {
			isa = PBXSourcesBuildPhase;
			buildActionMask = 2147483647;
			files = (
				60C894291C1A0775002F81C9 /* ViewController.swift in Sources */,
				60C894271C1A0775002F81C9 /* AppDelegate.swift in Sources */,
			);
			runOnlyForDeploymentPostprocessing = 0;
		};
/* End PBXSourcesBuildPhase section */

/* Begin PBXVariantGroup section */
		60C8942A1C1A0775002F81C9 /* Main.storyboard */ = {
			isa = PBXVariantGroup;
			children = (
				60C8942B1C1A0775002F81C9 /* Base */,
			);
			name = Main.storyboard;
			sourceTree = "<group>";
		};
		60C8942F1C1A0775002F81C9 /* LaunchScreen.storyboard */ = {
			isa = PBXVariantGroup;
			children = (
				60C894301C1A0775002F81C9 /* Base */,
			);
			name = LaunchScreen.storyboard;
			sourceTree = "<group>";
		};
/* End PBXVariantGroup section */

/* Begin XCBuildConfiguration section */
		60C894331C1A0775002F81C9 /* Debug */ = {
			isa = XCBuildConfiguration;
			buildSettings = {
				ALWAYS_SEARCH_USER_PATHS = NO;
				CLANG_CXX_LANGUAGE_STANDARD = "gnu++0x";
				CLANG_CXX_LIBRARY = "libc++";
				CLANG_ENABLE_MODULES = YES;
				CLANG_ENABLE_OBJC_ARC = YES;
				CLANG_WARN_BOOL_CONVERSION = YES;
				CLANG_WARN_CONSTANT_CONVERSION = YES;
				CLANG_WARN_DIRECT_OBJC_ISA_USAGE = YES_ERROR;
				CLANG_WARN_EMPTY_BODY = YES;
				CLANG_WARN_ENUM_CONVERSION = YES;
				CLANG_WARN_INT_CONVERSION = YES;
				CLANG_WARN_OBJC_ROOT_CLASS = YES_ERROR;
				CLANG_WARN_UNREACHABLE_CODE = YES;
				CLANG_WARN__DUPLICATE_METHOD_MATCH = YES;
				"CODE_SIGN_IDENTITY[sdk=iphoneos*]" = "iPhone Developer";
				COPY_PHASE_STRIP = NO;
				DEBUG_INFORMATION_FORMAT = dwarf;
				ENABLE_STRICT_OBJC_MSGSEND = YES;
				ENABLE_TESTABILITY = YES;
				GCC_C_LANGUAGE_STANDARD = gnu99;
				GCC_DYNAMIC_NO_PIC = NO;
				GCC_NO_COMMON_BLOCKS = YES;
				GCC_OPTIMIZATION_LEVEL = 0;
				GCC_PREPROCESSOR_DEFINITIONS = (
					"DEBUG=1",
					"$(inherited)",
				);
				GCC_WARN_64_TO_32_BIT_CONVERSION = YES;
				GCC_WARN_ABOUT_RETURN_TYPE = YES_ERROR;
				GCC_WARN_UNDECLARED_SELECTOR = YES;
				GCC_WARN_UNINITIALIZED_AUTOS = YES_AGGRESSIVE;
				GCC_WARN_UNUSED_FUNCTION = YES;
				GCC_WARN_UNUSED_VARIABLE = YES;
				IPHONEOS_DEPLOYMENT_TARGET = 9.1;
				MTL_ENABLE_DEBUG_INFO = YES;
				ONLY_ACTIVE_ARCH = YES;
				SDKROOT = iphoneos;
				SWIFT_OPTIMIZATION_LEVEL = "-Onone";
			};
			name = Debug;
		};
		60C894341C1A0775002F81C9 /* Release */ = {
			isa = XCBuildConfiguration;
			buildSettings = {
				ALWAYS_SEARCH_USER_PATHS = NO;
				CLANG_CXX_LANGUAGE_STANDARD = "gnu++0x";
				CLANG_CXX_LIBRARY = "libc++";
				CLANG_ENABLE_MODULES = YES;
				CLANG_ENABLE_OBJC_ARC = YES;
				CLANG_WARN_BOOL_CONVERSION = YES;
				CLANG_WARN_CONSTANT_CONVERSION = YES;
				CLANG_WARN_DIRECT_OBJC_ISA_USAGE = YES_ERROR;
				CLANG_WARN_EMPTY_BODY = YES;
				CLANG_WARN_ENUM_CONVERSION = YES;
				CLANG_WARN_INT_CONVERSION = YES;
				CLANG_WARN_OBJC_ROOT_CLASS = YES_ERROR;
				CLANG_WARN_UNREACHABLE_CODE = YES;
				CLANG_WARN__DUPLICATE_METHOD_MATCH = YES;
				"CODE_SIGN_IDENTITY[sdk=iphoneos*]" = "iPhone Developer";
				COPY_PHASE_STRIP = NO;
				DEBUG_INFORMATION_FORMAT = "dwarf-with-dsym";
				ENABLE_NS_ASSERTIONS = NO;
				ENABLE_STRICT_OBJC_MSGSEND = YES;
				GCC_C_LANGUAGE_STANDARD = gnu99;
				GCC_NO_COMMON_BLOCKS = YES;
				GCC_WARN_64_TO_32_BIT_CONVERSION = YES;
				GCC_WARN_ABOUT_RETURN_TYPE = YES_ERROR;
				GCC_WARN_UNDECLARED_SELECTOR = YES;
				GCC_WARN_UNINITIALIZED_AUTOS = YES_AGGRESSIVE;
				GCC_WARN_UNUSED_FUNCTION = YES;
				GCC_WARN_UNUSED_VARIABLE = YES;
				IPHONEOS_DEPLOYMENT_TARGET = 9.1;
				MTL_ENABLE_DEBUG_INFO = NO;
				SDKROOT = iphoneos;
				VALIDATE_PRODUCT = YES;
			};
			name = Release;
		};
		60C894361C1A0775002F81C9 /* Debug */ = {
			isa = XCBuildConfiguration;
			buildSettings = {
				ASSETCATALOG_COMPILER_APPICON_NAME = AppIcon;
				INFOPLIST_FILE = GitFinal/Info.plist;
				LD_RUNPATH_SEARCH_PATHS = "$(inherited) @executable_path/Frameworks";
				PRODUCT_BUNDLE_IDENTIFIER = projects.jimmy.GitFinal;
				PRODUCT_NAME = "$(TARGET_NAME)";
			};
			name = Debug;
		};
		60C894371C1A0775002F81C9 /* Release */ = {
			isa = XCBuildConfiguration;
			buildSettings = {
				ASSETCATALOG_COMPILER_APPICON_NAME = AppIcon;
				INFOPLIST_FILE = GitFinal/Info.plist;
				LD_RUNPATH_SEARCH_PATHS = "$(inherited) @executable_path/Frameworks";
				PRODUCT_BUNDLE_IDENTIFIER = projects.jimmy.GitFinal;
				PRODUCT_NAME = "$(TARGET_NAME)";
			};
			name = Release;
		};
/* End XCBuildConfiguration section */

/* Begin XCConfigurationList section */
		60C8941E1C1A0775002F81C9 /* Build configuration list for PBXProject "GitFinal" */ = {
			isa = XCConfigurationList;
			buildConfigurations = (
				60C894331C1A0775002F81C9 /* Debug */,
				60C894341C1A0775002F81C9 /* Release */,
			);
			defaultConfigurationIsVisible = 0;
			defaultConfigurationName = Release;
		};
		60C894351C1A0775002F81C9 /* Build configuration list for PBXNativeTarget "GitFinal" */ = {
			isa = XCConfigurationList;
			buildConfigurations = (
				60C894361C1A0775002F81C9 /* Debug */,
				60C894371C1A0775002F81C9 /* Release */,
			);
			defaultConfigurationIsVisible = 0;
		};
/* End XCConfigurationList section */
	};
	rootObject = 60C8941B1C1A0775002F81C9 /* Project object */;
}
